
Microsoft Visual Studio Solution File, Format Version 12.00
# Visual Studio Version 17
VisualStudioVersion = 17.5.002.0
MinimumVisualStudioVersion = 10.0.40219.1
Project("{9A19103F-16F7-4668-BE54-9A1E7A4F7556}") = "ConsoleApp", "ConsoleApp\ConsoleApp.csproj", "{CE205CFE-2F3B-47C9-9639-5F4FB9A12D66}"
EndProject
Global
	GlobalSection(SolutionConfigurationPlatforms) = preSolution
		Debug|Any CPU = Debug|Any CPU
		Release|Any CPU = Release|Any CPU
	EndGlobalSection
	GlobalSection(ProjectConfigurationPlatforms) = postSolution
		{CE205CFE-2F3B-47C9-9639-5F4FB9A12D66}.Debug|Any CPU.ActiveCfg = Debug|Any CPU
		{CE205CFE-2F3B-47C9-9639-5F4FB9A12D66}.Debug|Any CPU.Build.0 = Debug|Any CPU
		{CE205CFE-2F3B-47C9-9639-5F4FB9A12D66}.Release|Any CPU.ActiveCfg = Release|Any CPU
		{CE205CFE-2F3B-47C9-9639-5F4FB9A12D66}.Release|Any CPU.Build.0 = Release|Any CPU
	EndGlobalSection
	GlobalSection(SolutionProperties) = preSolution
		HideSolutionNode = FALSE
	EndGlobalSection
	GlobalSection(ExtensibilityGlobals) = postSolution
		SolutionGuid = {4816BDCD-9B6A-458C-9C09-80AC24A443B2}
	EndGlobalSection
EndGlobal
